
Microsoft Visual Studio Solution File, Format Version 12.00
# Visual Studio Version 16
VisualStudioVersion = 16.0.32106.194
MinimumVisualStudioVersion = 10.0.40219.1
Project("{FAE04EC0-301F-11D3-BF4B-00C04F79EFBC}") = "MyFirstWebApp", "MyFirstWebApp\MyFirstWebApp.csproj", "{92FCAB70-6C79-470C-B9C1-728133889E12}"
EndProject
Global
	GlobalSection(SolutionConfigurationPlatforms) = preSolution
		Debug|Any CPU = Debug|Any CPU
		Release|Any CPU = Release|Any CPU
	EndGlobalSection
	GlobalSection(ProjectConfigurationPlatforms) = postSolution
		{92FCAB70-6C79-470C-B9C1-728133889E12}.Debug|Any CPU.ActiveCfg = Debug|Any CPU
		{92FCAB70-6C79-470C-B9C1-728133889E12}.Debug|Any CPU.Build.0 = Debug|Any CPU
		{92FCAB70-6C79-470C-B9C1-728133889E12}.Release|Any CPU.ActiveCfg = Release|Any CPU
		{92FCAB70-6C79-470C-B9C1-728133889E12}.Release|Any CPU.Build.0 = Release|Any CPU
	EndGlobalSection
	GlobalSection(SolutionProperties) = preSolution
		HideSolutionNode = FALSE
	EndGlobalSection
	GlobalSection(ExtensibilityGlobals) = postSolution
		SolutionGuid = {7E0F0E8B-5F89-416B-A401-2278A05F8FA5}
	EndGlobalSection
EndGlobal
