
Microsoft Visual Studio Solution File, Format Version 12.00
# Visual Studio Version 16
VisualStudioVersion = 16.0.32002.261
MinimumVisualStudioVersion = 10.0.40219.1
Project("{FAE04EC0-301F-11D3-BF4B-00C04F79EFBC}") = "C_Sharp_Assignment1", "C_Sharp_Assignment1\C_Sharp_Assignment1.csproj", "{A03A4F97-6E0B-4172-B401-708B39D3A459}"
EndProject
Global
	GlobalSection(SolutionConfigurationPlatforms) = preSolution
		Debug|Any CPU = Debug|Any CPU
		Release|Any CPU = Release|Any CPU
	EndGlobalSection
	GlobalSection(ProjectConfigurationPlatforms) = postSolution
		{A03A4F97-6E0B-4172-B401-708B39D3A459}.Debug|Any CPU.ActiveCfg = Debug|Any CPU
		{A03A4F97-6E0B-4172-B401-708B39D3A459}.Debug|Any CPU.Build.0 = Debug|Any CPU
		{A03A4F97-6E0B-4172-B401-708B39D3A459}.Release|Any CPU.ActiveCfg = Release|Any CPU
		{A03A4F97-6E0B-4172-B401-708B39D3A459}.Release|Any CPU.Build.0 = Release|Any CPU
	EndGlobalSection
	GlobalSection(SolutionProperties) = preSolution
		HideSolutionNode = FALSE
	EndGlobalSection
	GlobalSection(ExtensibilityGlobals) = postSolution
		SolutionGuid = {A4DC916D-65B2-4F7B-AF20-AB553870A0B6}
	EndGlobalSection
EndGlobal
