
Microsoft Visual Studio Solution File, Format Version 12.00
# Visual Studio Version 16
VisualStudioVersion = 16.0.32106.194
MinimumVisualStudioVersion = 10.0.40219.1
Project("{FAE04EC0-301F-11D3-BF4B-00C04F79EFBC}") = "TechAcadStudentsMVC", "TechAcadStudentsMVC\TechAcadStudentsMVC.csproj", "{0D5C9C0C-783A-4770-807C-03FC2F307193}"
EndProject
Global
	GlobalSection(SolutionConfigurationPlatforms) = preSolution
		Debug|Any CPU = Debug|Any CPU
		Release|Any CPU = Release|Any CPU
	EndGlobalSection
	GlobalSection(ProjectConfigurationPlatforms) = postSolution
		{0D5C9C0C-783A-4770-807C-03FC2F307193}.Debug|Any CPU.ActiveCfg = Debug|Any CPU
		{0D5C9C0C-783A-4770-807C-03FC2F307193}.Debug|Any CPU.Build.0 = Debug|Any CPU
		{0D5C9C0C-783A-4770-807C-03FC2F307193}.Release|Any CPU.ActiveCfg = Release|Any CPU
		{0D5C9C0C-783A-4770-807C-03FC2F307193}.Release|Any CPU.Build.0 = Release|Any CPU
	EndGlobalSection
	GlobalSection(SolutionProperties) = preSolution
		HideSolutionNode = FALSE
	EndGlobalSection
	GlobalSection(ExtensibilityGlobals) = postSolution
		SolutionGuid = {2F08AD41-43C1-459D-B4F7-53BF948338C0}
	EndGlobalSection
EndGlobal
