
Microsoft Visual Studio Solution File, Format Version 12.00
# Visual Studio Version 16
VisualStudioVersion = 16.0.32002.261
MinimumVisualStudioVersion = 10.0.40219.1
Project("{FAE04EC0-301F-11D3-BF4B-00C04F79EFBC}") = "Daily_Report_Assignment", "Daily_Report_Assignment\Daily_Report_Assignment.csproj", "{D072FC0A-B197-4C63-A77D-483EB3D57802}"
EndProject
Global
	GlobalSection(SolutionConfigurationPlatforms) = preSolution
		Debug|Any CPU = Debug|Any CPU
		Release|Any CPU = Release|Any CPU
	EndGlobalSection
	GlobalSection(ProjectConfigurationPlatforms) = postSolution
		{D072FC0A-B197-4C63-A77D-483EB3D57802}.Debug|Any CPU.ActiveCfg = Debug|Any CPU
		{D072FC0A-B197-4C63-A77D-483EB3D57802}.Debug|Any CPU.Build.0 = Debug|Any CPU
		{D072FC0A-B197-4C63-A77D-483EB3D57802}.Release|Any CPU.ActiveCfg = Release|Any CPU
		{D072FC0A-B197-4C63-A77D-483EB3D57802}.Release|Any CPU.Build.0 = Release|Any CPU
	EndGlobalSection
	GlobalSection(SolutionProperties) = preSolution
		HideSolutionNode = FALSE
	EndGlobalSection
	GlobalSection(ExtensibilityGlobals) = postSolution
		SolutionGuid = {02B57027-62BF-4723-AE7E-8F8034AAB62D}
	EndGlobalSection
EndGlobal
