
Microsoft Visual Studio Solution File, Format Version 12.00
# Visual Studio Version 16
VisualStudioVersion = 16.0.32002.261
MinimumVisualStudioVersion = 10.0.40219.1
Project("{FAE04EC0-301F-11D3-BF4B-00C04F79EFBC}") = "Arrays_Assignment", "Arrays_Assignment\Arrays_Assignment.csproj", "{D553F8C3-D084-473D-96E0-CC035A1D8899}"
EndProject
Global
	GlobalSection(SolutionConfigurationPlatforms) = preSolution
		Debug|Any CPU = Debug|Any CPU
		Release|Any CPU = Release|Any CPU
	EndGlobalSection
	GlobalSection(ProjectConfigurationPlatforms) = postSolution
		{D553F8C3-D084-473D-96E0-CC035A1D8899}.Debug|Any CPU.ActiveCfg = Debug|Any CPU
		{D553F8C3-D084-473D-96E0-CC035A1D8899}.Debug|Any CPU.Build.0 = Debug|Any CPU
		{D553F8C3-D084-473D-96E0-CC035A1D8899}.Release|Any CPU.ActiveCfg = Release|Any CPU
		{D553F8C3-D084-473D-96E0-CC035A1D8899}.Release|Any CPU.Build.0 = Release|Any CPU
	EndGlobalSection
	GlobalSection(SolutionProperties) = preSolution
		HideSolutionNode = FALSE
	EndGlobalSection
	GlobalSection(ExtensibilityGlobals) = postSolution
		SolutionGuid = {E84FCA42-887C-4AEA-BC04-30ECDCF42097}
	EndGlobalSection
EndGlobal
