
Microsoft Visual Studio Solution File, Format Version 12.00
# Visual Studio Version 16
VisualStudioVersion = 16.0.32106.194
MinimumVisualStudioVersion = 10.0.40219.1
Project("{FAE04EC0-301F-11D3-BF4B-00C04F79EFBC}") = "Scores", "Scores\Scores.csproj", "{2FBF0C17-473A-4C75-B54B-CC6C32524676}"
EndProject
Global
	GlobalSection(SolutionConfigurationPlatforms) = preSolution
		Debug|Any CPU = Debug|Any CPU
		Release|Any CPU = Release|Any CPU
	EndGlobalSection
	GlobalSection(ProjectConfigurationPlatforms) = postSolution
		{2FBF0C17-473A-4C75-B54B-CC6C32524676}.Debug|Any CPU.ActiveCfg = Debug|Any CPU
		{2FBF0C17-473A-4C75-B54B-CC6C32524676}.Debug|Any CPU.Build.0 = Debug|Any CPU
		{2FBF0C17-473A-4C75-B54B-CC6C32524676}.Release|Any CPU.ActiveCfg = Release|Any CPU
		{2FBF0C17-473A-4C75-B54B-CC6C32524676}.Release|Any CPU.Build.0 = Release|Any CPU
	EndGlobalSection
	GlobalSection(SolutionProperties) = preSolution
		HideSolutionNode = FALSE
	EndGlobalSection
	GlobalSection(ExtensibilityGlobals) = postSolution
		SolutionGuid = {E903621A-AF04-43A3-8180-52A33653DCC9}
	EndGlobalSection
EndGlobal
