
Microsoft Visual Studio Solution File, Format Version 12.00
# Visual Studio Version 16
VisualStudioVersion = 16.0.32106.194
MinimumVisualStudioVersion = 10.0.40219.1
Project("{FAE04EC0-301F-11D3-BF4B-00C04F79EFBC}") = "Constructor_Assignment", "Constructor_Assignment\Constructor_Assignment.csproj", "{7725FCE2-2E0C-4DAD-98B5-21BAD83532D1}"
EndProject
Global
	GlobalSection(SolutionConfigurationPlatforms) = preSolution
		Debug|Any CPU = Debug|Any CPU
		Release|Any CPU = Release|Any CPU
	EndGlobalSection
	GlobalSection(ProjectConfigurationPlatforms) = postSolution
		{7725FCE2-2E0C-4DAD-98B5-21BAD83532D1}.Debug|Any CPU.ActiveCfg = Debug|Any CPU
		{7725FCE2-2E0C-4DAD-98B5-21BAD83532D1}.Debug|Any CPU.Build.0 = Debug|Any CPU
		{7725FCE2-2E0C-4DAD-98B5-21BAD83532D1}.Release|Any CPU.ActiveCfg = Release|Any CPU
		{7725FCE2-2E0C-4DAD-98B5-21BAD83532D1}.Release|Any CPU.Build.0 = Release|Any CPU
	EndGlobalSection
	GlobalSection(SolutionProperties) = preSolution
		HideSolutionNode = FALSE
	EndGlobalSection
	GlobalSection(ExtensibilityGlobals) = postSolution
		SolutionGuid = {956E9187-0ECB-46F1-A129-47FE67F20F8F}
	EndGlobalSection
EndGlobal
