
Microsoft Visual Studio Solution File, Format Version 12.00
# Visual Studio Version 16
VisualStudioVersion = 16.0.32002.261
MinimumVisualStudioVersion = 10.0.40219.1
Project("{FAE04EC0-301F-11D3-BF4B-00C04F79EFBC}") = "Branching_Assignment", "Branching_Assignment\Branching_Assignment.csproj", "{F34CCD27-9934-4725-9D70-C12A072E8F40}"
EndProject
Global
	GlobalSection(SolutionConfigurationPlatforms) = preSolution
		Debug|Any CPU = Debug|Any CPU
		Release|Any CPU = Release|Any CPU
	EndGlobalSection
	GlobalSection(ProjectConfigurationPlatforms) = postSolution
		{F34CCD27-9934-4725-9D70-C12A072E8F40}.Debug|Any CPU.ActiveCfg = Debug|Any CPU
		{F34CCD27-9934-4725-9D70-C12A072E8F40}.Debug|Any CPU.Build.0 = Debug|Any CPU
		{F34CCD27-9934-4725-9D70-C12A072E8F40}.Release|Any CPU.ActiveCfg = Release|Any CPU
		{F34CCD27-9934-4725-9D70-C12A072E8F40}.Release|Any CPU.Build.0 = Release|Any CPU
	EndGlobalSection
	GlobalSection(SolutionProperties) = preSolution
		HideSolutionNode = FALSE
	EndGlobalSection
	GlobalSection(ExtensibilityGlobals) = postSolution
		SolutionGuid = {C29944ED-FE41-4118-BF12-E5E39DAFD3BC}
	EndGlobalSection
EndGlobal
