
Microsoft Visual Studio Solution File, Format Version 12.00
# Visual Studio Version 16
VisualStudioVersion = 16.0.32002.261
MinimumVisualStudioVersion = 10.0.40219.1
Project("{FAE04EC0-301F-11D3-BF4B-00C04F79EFBC}") = "StringFunctions", "StringFunctions\StringFunctions.csproj", "{562FEA17-6919-4806-921F-6E5B8BBA4419}"
EndProject
Global
	GlobalSection(SolutionConfigurationPlatforms) = preSolution
		Debug|Any CPU = Debug|Any CPU
		Release|Any CPU = Release|Any CPU
	EndGlobalSection
	GlobalSection(ProjectConfigurationPlatforms) = postSolution
		{562FEA17-6919-4806-921F-6E5B8BBA4419}.Debug|Any CPU.ActiveCfg = Debug|Any CPU
		{562FEA17-6919-4806-921F-6E5B8BBA4419}.Debug|Any CPU.Build.0 = Debug|Any CPU
		{562FEA17-6919-4806-921F-6E5B8BBA4419}.Release|Any CPU.ActiveCfg = Release|Any CPU
		{562FEA17-6919-4806-921F-6E5B8BBA4419}.Release|Any CPU.Build.0 = Release|Any CPU
	EndGlobalSection
	GlobalSection(SolutionProperties) = preSolution
		HideSolutionNode = FALSE
	EndGlobalSection
	GlobalSection(ExtensibilityGlobals) = postSolution
		SolutionGuid = {F997D00F-C9F8-4FA2-9D14-381F449145C2}
	EndGlobalSection
EndGlobal
