
Microsoft Visual Studio Solution File, Format Version 12.00
# Visual Studio Version 16
VisualStudioVersion = 16.0.32002.261
MinimumVisualStudioVersion = 10.0.40219.1
Project("{FAE04EC0-301F-11D3-BF4B-00C04F79EFBC}") = "BooleanLogic", "BooleanLogic\BooleanLogic.csproj", "{0588DBC2-234C-4660-BA77-94BFBD1E3984}"
EndProject
Global
	GlobalSection(SolutionConfigurationPlatforms) = preSolution
		Debug|Any CPU = Debug|Any CPU
		Release|Any CPU = Release|Any CPU
	EndGlobalSection
	GlobalSection(ProjectConfigurationPlatforms) = postSolution
		{0588DBC2-234C-4660-BA77-94BFBD1E3984}.Debug|Any CPU.ActiveCfg = Debug|Any CPU
		{0588DBC2-234C-4660-BA77-94BFBD1E3984}.Debug|Any CPU.Build.0 = Debug|Any CPU
		{0588DBC2-234C-4660-BA77-94BFBD1E3984}.Release|Any CPU.ActiveCfg = Release|Any CPU
		{0588DBC2-234C-4660-BA77-94BFBD1E3984}.Release|Any CPU.Build.0 = Release|Any CPU
	EndGlobalSection
	GlobalSection(SolutionProperties) = preSolution
		HideSolutionNode = FALSE
	EndGlobalSection
	GlobalSection(ExtensibilityGlobals) = postSolution
		SolutionGuid = {27F9C3E6-6431-420A-A10D-F858FC169EC8}
	EndGlobalSection
EndGlobal
