
Microsoft Visual Studio Solution File, Format Version 12.00
# Visual Studio Version 16
VisualStudioVersion = 16.0.32106.194
MinimumVisualStudioVersion = 10.0.40219.1
Project("{FAE04EC0-301F-11D3-BF4B-00C04F79EFBC}") = "Try_Catch_Assignment", "Try_Catch_Assignment\Try_Catch_Assignment.csproj", "{A05CD79E-AC42-4D8E-9E61-CCB5581E20CD}"
EndProject
Global
	GlobalSection(SolutionConfigurationPlatforms) = preSolution
		Debug|Any CPU = Debug|Any CPU
		Release|Any CPU = Release|Any CPU
	EndGlobalSection
	GlobalSection(ProjectConfigurationPlatforms) = postSolution
		{A05CD79E-AC42-4D8E-9E61-CCB5581E20CD}.Debug|Any CPU.ActiveCfg = Debug|Any CPU
		{A05CD79E-AC42-4D8E-9E61-CCB5581E20CD}.Debug|Any CPU.Build.0 = Debug|Any CPU
		{A05CD79E-AC42-4D8E-9E61-CCB5581E20CD}.Release|Any CPU.ActiveCfg = Release|Any CPU
		{A05CD79E-AC42-4D8E-9E61-CCB5581E20CD}.Release|Any CPU.Build.0 = Release|Any CPU
	EndGlobalSection
	GlobalSection(SolutionProperties) = preSolution
		HideSolutionNode = FALSE
	EndGlobalSection
	GlobalSection(ExtensibilityGlobals) = postSolution
		SolutionGuid = {F9B6A72E-AF8F-4CC8-A69A-D973E47B188F}
	EndGlobalSection
EndGlobal
