
Microsoft Visual Studio Solution File, Format Version 12.00
# Visual Studio Version 16
VisualStudioVersion = 16.0.32106.194
MinimumVisualStudioVersion = 10.0.40219.1
Project("{FAE04EC0-301F-11D3-BF4B-00C04F79EFBC}") = "Input Assignment", "Input Assignment\Input Assignment.csproj", "{0CF52408-99B7-4C9A-AA32-32FBF38D1EC4}"
EndProject
Global
	GlobalSection(SolutionConfigurationPlatforms) = preSolution
		Debug|Any CPU = Debug|Any CPU
		Release|Any CPU = Release|Any CPU
	EndGlobalSection
	GlobalSection(ProjectConfigurationPlatforms) = postSolution
		{0CF52408-99B7-4C9A-AA32-32FBF38D1EC4}.Debug|Any CPU.ActiveCfg = Debug|Any CPU
		{0CF52408-99B7-4C9A-AA32-32FBF38D1EC4}.Debug|Any CPU.Build.0 = Debug|Any CPU
		{0CF52408-99B7-4C9A-AA32-32FBF38D1EC4}.Release|Any CPU.ActiveCfg = Release|Any CPU
		{0CF52408-99B7-4C9A-AA32-32FBF38D1EC4}.Release|Any CPU.Build.0 = Release|Any CPU
	EndGlobalSection
	GlobalSection(SolutionProperties) = preSolution
		HideSolutionNode = FALSE
	EndGlobalSection
	GlobalSection(ExtensibilityGlobals) = postSolution
		SolutionGuid = {088B0A61-4784-44A3-A08A-8CF8511AF7F8}
	EndGlobalSection
EndGlobal
