
Microsoft Visual Studio Solution File, Format Version 12.00
# Visual Studio Version 16
VisualStudioVersion = 16.0.32002.261
MinimumVisualStudioVersion = 10.0.40219.1
Project("{FAE04EC0-301F-11D3-BF4B-00C04F79EFBC}") = "Branching", "Branching\Branching.csproj", "{F182F202-B2DA-4EC9-ADD1-11B44E0ADC8E}"
EndProject
Global
	GlobalSection(SolutionConfigurationPlatforms) = preSolution
		Debug|Any CPU = Debug|Any CPU
		Release|Any CPU = Release|Any CPU
	EndGlobalSection
	GlobalSection(ProjectConfigurationPlatforms) = postSolution
		{F182F202-B2DA-4EC9-ADD1-11B44E0ADC8E}.Debug|Any CPU.ActiveCfg = Debug|Any CPU
		{F182F202-B2DA-4EC9-ADD1-11B44E0ADC8E}.Debug|Any CPU.Build.0 = Debug|Any CPU
		{F182F202-B2DA-4EC9-ADD1-11B44E0ADC8E}.Release|Any CPU.ActiveCfg = Release|Any CPU
		{F182F202-B2DA-4EC9-ADD1-11B44E0ADC8E}.Release|Any CPU.Build.0 = Release|Any CPU
	EndGlobalSection
	GlobalSection(SolutionProperties) = preSolution
		HideSolutionNode = FALSE
	EndGlobalSection
	GlobalSection(ExtensibilityGlobals) = postSolution
		SolutionGuid = {F5840A78-8D5C-4167-9D84-1F68E8EB3F7E}
	EndGlobalSection
EndGlobal
