
Microsoft Visual Studio Solution File, Format Version 12.00
# Visual Studio Version 16
VisualStudioVersion = 16.0.32002.261
MinimumVisualStudioVersion = 10.0.40219.1
Project("{FAE04EC0-301F-11D3-BF4B-00C04F79EFBC}") = "String_Assignment", "String_Assignment\String_Assignment.csproj", "{245F7DE8-F331-45FB-AECC-FC596AA20495}"
EndProject
Global
	GlobalSection(SolutionConfigurationPlatforms) = preSolution
		Debug|Any CPU = Debug|Any CPU
		Release|Any CPU = Release|Any CPU
	EndGlobalSection
	GlobalSection(ProjectConfigurationPlatforms) = postSolution
		{245F7DE8-F331-45FB-AECC-FC596AA20495}.Debug|Any CPU.ActiveCfg = Debug|Any CPU
		{245F7DE8-F331-45FB-AECC-FC596AA20495}.Debug|Any CPU.Build.0 = Debug|Any CPU
		{245F7DE8-F331-45FB-AECC-FC596AA20495}.Release|Any CPU.ActiveCfg = Release|Any CPU
		{245F7DE8-F331-45FB-AECC-FC596AA20495}.Release|Any CPU.Build.0 = Release|Any CPU
	EndGlobalSection
	GlobalSection(SolutionProperties) = preSolution
		HideSolutionNode = FALSE
	EndGlobalSection
	GlobalSection(ExtensibilityGlobals) = postSolution
		SolutionGuid = {77C583F3-55F3-4A10-B296-F41A82C3343F}
	EndGlobalSection
EndGlobal
